
Microsoft Visual Studio Solution File, Format Version 12.00
# Visual Studio Version 16
VisualStudioVersion = 16.0.30503.244
MinimumVisualStudioVersion = 10.0.40219.1
Project("{FAE04EC0-301F-11D3-BF4B-00C04F79EFBC}") = "MealPlannerApp", "MealPlannerApp\MealPlannerApp.csproj", "{3CC085A4-157C-45ED-8D52-75D8FA2F799C}"
EndProject
Global
	GlobalSection(SolutionConfigurationPlatforms) = preSolution
		Debug|Any CPU = Debug|Any CPU
		Release|Any CPU = Release|Any CPU
	EndGlobalSection
	GlobalSection(ProjectConfigurationPlatforms) = postSolution
		{3CC085A4-157C-45ED-8D52-75D8FA2F799C}.Debug|Any CPU.ActiveCfg = Debug|Any CPU
		{3CC085A4-157C-45ED-8D52-75D8FA2F799C}.Debug|Any CPU.Build.0 = Debug|Any CPU
		{3CC085A4-157C-45ED-8D52-75D8FA2F799C}.Release|Any CPU.ActiveCfg = Release|Any CPU
		{3CC085A4-157C-45ED-8D52-75D8FA2F799C}.Release|Any CPU.Build.0 = Release|Any CPU
	EndGlobalSection
	GlobalSection(SolutionProperties) = preSolution
		HideSolutionNode = FALSE
	EndGlobalSection
	GlobalSection(ExtensibilityGlobals) = postSolution
		SolutionGuid = {8E270DF7-D07D-4FEA-B567-396218964430}
	EndGlobalSection
EndGlobal
